{
  "nodes": {
    "nixpkgs": {
      "locked": {
        "lastModified": 1722141560,
        "narHash": "sha256-Ul3rIdesWaiW56PS/Ak3UlJdkwBrD4UcagCmXZR9Z7Y=",
        "owner": "NixOS",
        "repo": "nixpkgs",
        "rev": "038fb464fcfa79b4f08131b07f2d8c9a6bcc4160",
        "type": "github"
      },
      "original": {
        "owner": "NixOS",
        "ref": "nixpkgs-unstable",
        "repo": "nixpkgs",
        "type": "github"
      }
    },
    "root": {
      "inputs": {
        "nixpkgs": "nixpkgs",
        "zmk-nix": "zmk-nix"
      }
    },
    "zmk-nix": {
      "inputs": {
        "nixpkgs": [
          "nixpkgs"
        ]
      },
      "locked": {
        "lastModified": 1722126757,
        "narHash": "sha256-mlfyUgYiiwG/IBuCJrMd/BDgxbaC+pXLnjD3iUa2J2U=",
        "owner": "lilyinstarlight",
        "repo": "zmk-nix",
        "rev": "3ef881fdd80d59f1e130b0c4aeaeabc43a9c38fb",
        "type": "github"
      },
      "original": {
        "owner": "lilyinstarlight",
        "repo": "zmk-nix",
        "type": "github"
      }
    }
  },
  "root": "root",
  "version": 7
}
